lockfileVersion: '6.0'

devDependencies:
  '@rollup/plugin-json':
    specifier: ^6.0.0
    version: 6.0.0(rollup@3.20.3)
  '@rollup/plugin-node-resolve':
    specifier: ^15.0.2
    version: 15.0.2(rollup@3.20.3)
  '@rollup/plugin-replace':
    specifier: ^5.0.2
    version: 5.0.2(rollup@3.20.3)
  '@swc/core':
    specifier: ^1.3.51
    version: 1.3.51
  '@types/node':
    specifier: ^18.15.11
    version: 18.15.11
  '@types/react':
    specifier: ^18.0.35
    version: 18.0.35
  '@types/react-native':
    specifier: ^0.71.5
    version: 0.71.5
  rollup:
    specifier: ^3.20.3
    version: 3.20.3
  rollup-plugin-swc3:
    specifier: ^0.8.1
    version: 0.8.1(@swc/core@1.3.51)(rollup@3.20.3)
  rollup-plugin-typescript-paths:
    specifier: ^1.4.0
    version: 1.4.0(typescript@5.0.4)
  typescript:
    specifier: ^5.0.4
    version: 5.0.4

packages:

  /@fastify/deepmerge@1.3.0:
    resolution: {integrity: sha512-J8TOSBq3SoZbDhM9+R/u77hP93gz/rajSA+K2kGyijPpORPWUXHUpTaleoj+92As0S9uPRP7Oi8IqMf0u+ro6A==}
    dev: true

  /@jridgewell/sourcemap-codec@1.4.15:
    resolution: {integrity: sha512-eF2rxCRulEKXHTRiDrDy6erMYWqNw4LPdQ8UQA4huuxaQsVeRPFl2oM8oDGxMFhJUWZf9McpLtJasDDZb/Bpeg==}
    dev: true

  /@rollup/plugin-json@6.0.0(rollup@3.20.3):
    resolution: {integrity: sha512-i/4C5Jrdr1XUarRhVu27EEwjt4GObltD7c+MkCIpO2QIbojw8MUs+CCTqOphQi3Qtg1FLmYt+l+6YeoIf51J7w==}
    engines: {node: '>=14.0.0'}
    peerDependencies:
      rollup: ^1.20.0||^2.0.0||^3.0.0
    peerDependenciesMeta:
      rollup:
        optional: true
    dependencies:
      '@rollup/pluginutils': 5.0.2(rollup@3.20.3)
      rollup: 3.20.3
    dev: true

  /@rollup/plugin-node-resolve@15.0.2(rollup@3.20.3):
    resolution: {integrity: sha512-Y35fRGUjC3FaurG722uhUuG8YHOJRJQbI6/CkbRkdPotSpDj9NtIN85z1zrcyDcCQIW4qp5mgG72U+gJ0TAFEg==}
    engines: {node: '>=14.0.0'}
    peerDependencies:
      rollup: ^2.78.0||^3.0.0
    peerDependenciesMeta:
      rollup:
        optional: true
    dependencies:
      '@rollup/pluginutils': 5.0.2(rollup@3.20.3)
      '@types/resolve': 1.20.2
      deepmerge: 4.3.1
      is-builtin-module: 3.2.1
      is-module: 1.0.0
      resolve: 1.22.3
      rollup: 3.20.3
    dev: true

  /@rollup/plugin-replace@5.0.2(rollup@3.20.3):
    resolution: {integrity: sha512-M9YXNekv/C/iHHK+cvORzfRYfPbq0RDD8r0G+bMiTXjNGKulPnCT9O3Ss46WfhI6ZOCgApOP7xAdmCQJ+U2LAA==}
    engines: {node: '>=14.0.0'}
    peerDependencies:
      rollup: ^1.20.0||^2.0.0||^3.0.0
    peerDependenciesMeta:
      rollup:
        optional: true
    dependencies:
      '@rollup/pluginutils': 5.0.2(rollup@3.20.3)
      magic-string: 0.27.0
      rollup: 3.20.3
    dev: true

  /@rollup/pluginutils@4.2.1:
    resolution: {integrity: sha512-iKnFXr7NkdZAIHiIWE+BX5ULi/ucVFYWD6TbAV+rZctiRTY2PL6tsIKhoIOaoskiWAkgu+VsbXgUVDNLHf+InQ==}
    engines: {node: '>= 8.0.0'}
    dependencies:
      estree-walker: 2.0.2
      picomatch: 2.3.1
    dev: true

  /@rollup/pluginutils@5.0.2(rollup@3.20.3):
    resolution: {integrity: sha512-pTd9rIsP92h+B6wWwFbW8RkZv4hiR/xKsqre4SIuAOaOEQRxi0lqLke9k2/7WegC85GgUs9pjmOjCUi3In4vwA==}
    engines: {node: '>=14.0.0'}
    peerDependencies:
      rollup: ^1.20.0||^2.0.0||^3.0.0
    peerDependenciesMeta:
      rollup:
        optional: true
    dependencies:
      '@types/estree': 1.0.0
      estree-walker: 2.0.2
      picomatch: 2.3.1
      rollup: 3.20.3
    dev: true

  /@swc/core-darwin-arm64@1.3.51:
    resolution: {integrity: sha512-DM15fJgaXQ+BOoTlMCBoRBSzkpC2V8vAXaAvh3BZ+BI6/03FUQ0j9CMIaSkss3VOv+WwqzllmcT71C/oVDQ7Tg==}
    engines: {node: '>=10'}
    cpu: [arm64]
    os: [darwin]
    requiresBuild: true
    dev: true
    optional: true

  /@swc/core-darwin-x64@1.3.51:
    resolution: {integrity: sha512-EPAneufZfFQUkpkf2m8Ap8TajLvjWI+UmDQz54QaofLaigXgrnLoqTtnZHBfDbUTApGYz3GaqjfZ2fMLGiISLQ==}
    engines: {node: '>=10'}
    cpu: [x64]
    os: [darwin]
    requiresBuild: true
    dev: true
    optional: true

  /@swc/core-linux-arm-gnueabihf@1.3.51:
    resolution: {integrity: sha512-sASxO3lJjlY5g8S25yCQirDOW6zqBNeDSUCBrulaVxttx0PcL64kc6qaOlM3HKlNO4W1P7RW/mGFR4bBov+yIg==}
    engines: {node: '>=10'}
    cpu: [arm]
    os: [linux]
    requiresBuild: true
    dev: true
    optional: true

  /@swc/core-linux-arm64-gnu@1.3.51:
    resolution: {integrity: sha512-z8yHRUK+5mRxSQkw9uND8QSt8lTrW0X8blmP12Q7c7RKWOHqIaGS60a3VvLuTal7k48K4YTstSevIrGwGK88sA==}
    engines: {node: '>=10'}
    cpu: [arm64]
    os: [linux]
    requiresBuild: true
    dev: true
    optional: true

  /@swc/core-linux-arm64-musl@1.3.51:
    resolution: {integrity: sha512-lMlp09lv6qDURvETw4AAZAjaJfvjwHjiAuB+JuZrgP3zdxB21M6cMas3EjAGXtNabpU1FJu+8Lsys6/GBBjsPQ==}
    engines: {node: '>=10'}
    cpu: [arm64]
    os: [linux]
    requiresBuild: true
    dev: true
    optional: true

  /@swc/core-linux-x64-gnu@1.3.51:
    resolution: {integrity: sha512-6zK4tDr6do6RFTJv38Rb8ZjBLdfSN7GeuyOJpblz1Qu62RqyY2Zf3fxuCZY9tkoEepZ0MvU0d4D7HhAUYKj20A==}
    engines: {node: '>=10'}
    cpu: [x64]
    os: [linux]
    requiresBuild: true
    dev: true
    optional: true

  /@swc/core-linux-x64-musl@1.3.51:
    resolution: {integrity: sha512-ZwW+X9XdEiAszX+zfaLdOVfi5rQP3vnVwuNAiuX9eq5jHdfOKfKaNtJaGTD8w8NgMavaBM5AMaCHshFVNF0vRw==}
    engines: {node: '>=10'}
    cpu: [x64]
    os: [linux]
    requiresBuild: true
    dev: true
    optional: true

  /@swc/core-win32-arm64-msvc@1.3.51:
    resolution: {integrity: sha512-w+IX4xCIZH6RQG7RrOOrrHqIqM7JIj9BDZHM9LAYC5MIbDinwjnSUXz7bpn0L1LRusvPtmbTulLuSkmVBSSwAg==}
    engines: {node: '>=10'}
    cpu: [arm64]
    os: [win32]
    requiresBuild: true
    dev: true
    optional: true

  /@swc/core-win32-ia32-msvc@1.3.51:
    resolution: {integrity: sha512-Bzv/h0HkoKkTWOOoHtehId/6AS5hLBbWE5czzcQc8SWs+BNNV8zjWoq1oYn7/gLLEhdKaBAxv9q7RHzOfBx28A==}
    engines: {node: '>=10'}
    cpu: [ia32]
    os: [win32]
    requiresBuild: true
    dev: true
    optional: true

  /@swc/core-win32-x64-msvc@1.3.51:
    resolution: {integrity: sha512-dTKAdSd0e2Sfz3Sl3m6RGLQbk6jdSIh8TlFomF4iiHDHq4PxLTzjaOVvKUAP5wux9DtBnAgZeSHMuQfM4aL9oA==}
    engines: {node: '>=10'}
    cpu: [x64]
    os: [win32]
    requiresBuild: true
    dev: true
    optional: true

  /@swc/core@1.3.51:
    resolution: {integrity: sha512-/fdKlrs2NacLeOKrVZjCPfw5GeUIyBcJg0GDBn0+qwC3Y6k85m4aswK1sfRDF3nzyeXXoBr7YBb+/cSdFq9pVw==}
    engines: {node: '>=10'}
    requiresBuild: true
    peerDependencies:
      '@swc/helpers': ^0.5.0
    peerDependenciesMeta:
      '@swc/helpers':
        optional: true
    optionalDependencies:
      '@swc/core-darwin-arm64': 1.3.51
      '@swc/core-darwin-x64': 1.3.51
      '@swc/core-linux-arm-gnueabihf': 1.3.51
      '@swc/core-linux-arm64-gnu': 1.3.51
      '@swc/core-linux-arm64-musl': 1.3.51
      '@swc/core-linux-x64-gnu': 1.3.51
      '@swc/core-linux-x64-musl': 1.3.51
      '@swc/core-win32-arm64-msvc': 1.3.51
      '@swc/core-win32-ia32-msvc': 1.3.51
      '@swc/core-win32-x64-msvc': 1.3.51
    dev: true

  /@types/estree@1.0.0:
    resolution: {integrity: sha512-WulqXMDUTYAXCjZnk6JtIHPigp55cVtDgDrO2gHRwhyJto21+1zbVCtOYB2L1F9w4qCQ0rOGWBnBe0FNTiEJIQ==}
    dev: true

  /@types/node@18.15.11:
    resolution: {integrity: sha512-E5Kwq2n4SbMzQOn6wnmBjuK9ouqlURrcZDVfbo9ftDDTFt3nk7ZKK4GMOzoYgnpQJKcxwQw+lGaBvvlMo0qN/Q==}
    dev: true

  /@types/prop-types@15.7.5:
    resolution: {integrity: sha512-JCB8C6SnDoQf0cNycqd/35A7MjcnK+ZTqE7judS6o7utxUCg6imJg3QK2qzHKszlTjcj2cn+NwMB2i96ubpj7w==}
    dev: true

  /@types/react-native@0.71.5:
    resolution: {integrity: sha512-Tp5druh7DGwNDvWYH09PCE++hbH4zYz0OOvGFb3/QFIFKXgfezaT/txJeKlBkbiqs45QJzllp9S0qo0WpWyijA==}
    dependencies:
      '@types/react': 18.0.35
    dev: true

  /@types/react@18.0.35:
    resolution: {integrity: sha512-6Laome31HpetaIUGFWl1VQ3mdSImwxtFZ39rh059a1MNnKGqBpC88J6NJ8n/Is3Qx7CefDGLgf/KhN/sYCf7ag==}
    dependencies:
      '@types/prop-types': 15.7.5
      '@types/scheduler': 0.16.3
      csstype: 3.1.2
    dev: true

  /@types/resolve@1.20.2:
    resolution: {integrity: sha512-60BCwRFOZCQhDncwQdxxeOEEkbc5dIMccYLwbxsS4TUNeVECQ/pBJ0j09mrHOl/JJvpRPGwO9SvE4nR2Nb/a4Q==}
    dev: true

  /@types/scheduler@0.16.3:
    resolution: {integrity: sha512-5cJ8CB4yAx7BH1oMvdU0Jh9lrEXyPkar6F9G/ERswkCuvP4KQZfZkSjcMbAICCpQTN4OuZn8tz0HiKv9TGZgrQ==}
    dev: true

  /builtin-modules@3.3.0:
    resolution: {integrity: sha512-zhaCDicdLuWN5UbN5IMnFqNMhNfo919sH85y2/ea+5Yg9TsTkeZxpL+JLbp6cgYFS4sRLp3YV4S6yDuqVWHYOw==}
    engines: {node: '>=6'}
    dev: true

  /csstype@3.1.2:
    resolution: {integrity: sha512-I7K1Uu0MBPzaFKg4nI5Q7Vs2t+3gWWW648spaF+Rg7pI9ds18Ugn+lvg4SHczUdKlHI5LWBXyqfS8+DufyBsgQ==}
    dev: true

  /deepmerge@4.3.1:
    resolution: {integrity: sha512-3sUqbMEc77XqpdNO7FRyRog+eW3ph+GYCbj+rK+uYyRMuwsVy0rMiVtPn+QJlKFvWP/1PYpapqYn0Me2knFn+A==}
    engines: {node: '>=0.10.0'}
    dev: true

  /estree-walker@2.0.2:
    resolution: {integrity: sha512-Rfkk/Mp/DL7JVje3u18FxFujQlTNR2q6QfMSMB7AvCBx91NGj/ba3kCfza0f6dVDbw7YlRf/nDrn7pQrCCyQ/w==}
    dev: true

  /fsevents@2.3.2:
    resolution: {integrity: sha512-xiqMQR4xAeHTuB9uWm+fFRcIOgKBMiOBP+eXiyT7jsgVCq1bkVygt00oASowB7EdtpOHaaPgKt812P9ab+DDKA==}
    engines: {node: ^8.16.0 || ^10.6.0 || >=11.0.0}
    os: [darwin]
    requiresBuild: true
    dev: true
    optional: true

  /function-bind@1.1.1:
    resolution: {integrity: sha512-yIovAzMX49sF8Yl58fSCWJ5svSLuaibPxXQJFLmBObTuCr0Mf1KiPopGM9NiFjiYBCbfaa2Fh6breQ6ANVTI0A==}
    dev: true

  /get-tsconfig@4.5.0:
    resolution: {integrity: sha512-MjhiaIWCJ1sAU4pIQ5i5OfOuHHxVo1oYeNsWTON7jxYkod8pHocXeh+SSbmu5OZZZK73B6cbJ2XADzXehLyovQ==}
    dev: true

  /has@1.0.3:
    resolution: {integrity: sha512-f2dvO0VU6Oej7RkWJGrehjbzMAjFp5/VKPp5tTpWIV4JHHZK1/BxbFRtf/siA2SWTe09caDmVtYYzWEIbBS4zw==}
    engines: {node: '>= 0.4.0'}
    dependencies:
      function-bind: 1.1.1
    dev: true

  /is-builtin-module@3.2.1:
    resolution: {integrity: sha512-BSLE3HnV2syZ0FK0iMA/yUGplUeMmNz4AW5fnTunbCIqZi4vG3WjJT9FHMy5D69xmAYBHXQhJdALdpwVxV501A==}
    engines: {node: '>=6'}
    dependencies:
      builtin-modules: 3.3.0
    dev: true

  /is-core-module@2.12.0:
    resolution: {integrity: sha512-RECHCBCd/viahWmwj6enj19sKbHfJrddi/6cBDsNTKbNq0f7VeaUkBo60BqzvPqo/W54ChS62Z5qyun7cfOMqQ==}
    dependencies:
      has: 1.0.3
    dev: true

  /is-module@1.0.0:
    resolution: {integrity: sha512-51ypPSPCoTEIN9dy5Oy+h4pShgJmPCygKfyRCISBI+JoWT/2oJvK8QPxmwv7b/p239jXrm9M1mlQbyKJ5A152g==}
    dev: true

  /magic-string@0.27.0:
    resolution: {integrity: sha512-8UnnX2PeRAPZuN12svgR9j7M1uWMovg/CEnIwIG0LFkXSJJe4PdfUGiTGl8V9bsBHFUtfVINcSyYxd7q+kx9fA==}
    engines: {node: '>=12'}
    dependencies:
      '@jridgewell/sourcemap-codec': 1.4.15
    dev: true

  /path-parse@1.0.7:
    resolution: {integrity: sha512-LDJzPVEEEPR+y48z93A0Ed0yXb8pAByGWo/k5YYdYgpY2/2EsOsksJrq7lOHxryrVOn1ejG6oAp8ahvOIQD8sw==}
    dev: true

  /picomatch@2.3.1:
    resolution: {integrity: sha512-JU3teHTNjmE2VCGFzuY8EXzCDVwEqB2a8fsIvwaStHhAWJEeVd1o1QD80CU6+ZdEXXSLbSsuLwJjkCBWqRQUVA==}
    engines: {node: '>=8.6'}
    dev: true

  /resolve@1.22.3:
    resolution: {integrity: sha512-P8ur/gp/AmbEzjr729bZnLjXK5Z+4P0zhIJgBgzqRih7hL7BOukHGtSTA3ACMY467GRFz3duQsi0bDZdR7DKdw==}
    hasBin: true
    dependencies:
      is-core-module: 2.12.0
      path-parse: 1.0.7
      supports-preserve-symlinks-flag: 1.0.0
    dev: true

  /rollup-plugin-swc3@0.8.1(@swc/core@1.3.51)(rollup@3.20.3):
    resolution: {integrity: sha512-xoHRmrGamXrz4rNfmXiTNf/6pAYY2daFOJavVsrG/HvBgsoa8lx9rtas9XiqOl5DqD04tGn8MiUwarITOPyh8A==}
    engines: {node: '>=12'}
    peerDependencies:
      '@swc/core': '>=1.2.165'
      rollup: ^2.0.0 || ^3.0.0
    dependencies:
      '@fastify/deepmerge': 1.3.0
      '@rollup/pluginutils': 4.2.1
      '@swc/core': 1.3.51
      get-tsconfig: 4.5.0
      rollup: 3.20.3
    dev: true

  /rollup-plugin-typescript-paths@1.4.0(typescript@5.0.4):
    resolution: {integrity: sha512-6EgeLRjTVmymftEyCuYu91XzY5XMB5lR0YrJkeT0D7OG2RGSdbNL+C/hfPIdc/sjMa9Sl5NLsxIr6C/+/5EUpA==}
    peerDependencies:
      typescript: '>=3.4'
    dependencies:
      typescript: 5.0.4
    dev: true

  /rollup@3.20.3:
    resolution: {integrity: sha512-u6/O1X42CAZ79rbk+smyONJQLTpwFBL7InpRa/AVWia5lq60w5J/PUsVHCOgSolN0X9R2GjQ41fZm3x28Hk1lA==}
    engines: {node: '>=14.18.0', npm: '>=8.0.0'}
    hasBin: true
    optionalDependencies:
      fsevents: 2.3.2
    dev: true

  /supports-preserve-symlinks-flag@1.0.0:
    resolution: {integrity: sha512-ot0WnXS9fgdkgIcePe6RHNk1WA8+muPa6cSjeR3V8K27q9BB1rTE3R1p7Hv0z1ZyAc8s6Vvv8DIyWf681MAt0w==}
    engines: {node: '>= 0.4'}
    dev: true

  /typescript@5.0.4:
    resolution: {integrity: sha512-cW9T5W9xY37cc+jfEnaUvX91foxtHkza3Nw3wkoF4sSlKn0MONdkdEndig/qPBWXNkmplh3NzayQzCiHM4/hqw==}
    engines: {node: '>=12.20'}
    hasBin: true
    dev: true
